
Microsoft Visual Studio Solution File, Format Version 12.00
Project("{FAE04EC0-301F-11D3-BF4B-00C04F79EFBC}") = "ServerSpinner", "ServerSpinner\ServerSpinner\ServerSpinner.csproj", "{375DF641-588E-4943-A4D7-8DD974FF420E}"
EndProject
Project("{FAE04EC0-301F-11D3-BF4B-00C04F79EFBC}") = "ServerSpinner.Client", "ServerSpinner\ServerSpinner.Client\ServerSpinner.Client.csproj", "{C97810CC-7000-46C3-8C12-497ED1BA7912}"
EndProject
Project("{FAE04EC0-301F-11D3-BF4B-00C04F79EFBC}") = "ServerSpinner.Functions", "ServerSpinner\ServerSpinner.Functions\ServerSpinner.Functions.csproj", "{A1B2C3D4-E5F6-7890-ABCD-EF1234567890}"
EndProject
Project("{FAE04EC0-301F-11D3-BF4B-00C04F79EFBC}") = "ServerSpinner.Core", "ServerSpinner\ServerSpinner.Core\ServerSpinner.Core.csproj", "{B1C2D3E4-F5A6-7890-BCDE-F12345678901}"
EndProject
Project("{FAE04EC0-301F-11D3-BF4B-00C04F79EFBC}") = "ServerSpinner.Core.Tests", "ServerSpinner\ServerSpinner.Core.Tests\ServerSpinner.Core.Tests.csproj", "{E4F5A6B7-C8D9-0123-EFAB-C12345678903}"
EndProject
Project("{FAE04EC0-301F-11D3-BF4B-00C04F79EFBC}") = "ServerSpinner.Client.Tests", "ServerSpinner\ServerSpinner.Client.Tests\ServerSpinner.Client.Tests.csproj", "{F5A6B7C8-D9E0-1234-FABC-D12345678904}"
EndProject
Project("{FAE04EC0-301F-11D3-BF4B-00C04F79EFBC}") = "ServerSpinner.Functions.Tests", "ServerSpinner\ServerSpinner.Functions.Tests\ServerSpinner.Functions.Tests.csproj", "{A6B7C8D9-E0F1-2345-6789-AB1234567890}"
EndProject
Project("{FAE04EC0-301F-11D3-BF4B-00C04F79EFBC}") = "ServerSpinner.Tests", "ServerSpinner\ServerSpinner.Tests\ServerSpinner.Tests.csproj", "{8289A0A5-328B-49E0-84A9-5A3ABED8D99F}"
EndProject
Project("{2150E333-8FDC-42A3-9474-1A3956D46DE8}") = "WEB", "WEB", "{F30EB069-0F85-44DA-90B0-42C481FEC7C1}"
EndProject
Project("{2150E333-8FDC-42A3-9474-1A3956D46DE8}") = "SHARED", "SHARED", "{62CD9F5E-CB15-4F3E-9275-DDFCB05AFD76}"
EndProject
Project("{2150E333-8FDC-42A3-9474-1A3956D46DE8}") = "DESKTOP", "DESKTOP", "{22F677D7-67DC-410C-A878-0A0E8474DD4C}"
EndProject
Project("{2150E333-8FDC-42A3-9474-1A3956D46DE8}") = "WEB.TESTS", "WEB.TESTS", "{DAE87EBD-253E-4B81-8330-5223A9D643D2}"
EndProject
Project("{2150E333-8FDC-42A3-9474-1A3956D46DE8}") = "SHARED.TESTS", "SHARED.TESTS", "{4AE8F9AC-5A1A-4288-94E4-63E1047E1200}"
EndProject
Project("{FAE04EC0-301F-11D3-BF4B-00C04F79EFBC}") = "SonglistSpinner", "SonglistSpinner\SonglistSpinner.csproj", "{00404789-8542-4965-AC30-999BB6A313D9}"
EndProject
Global
	GlobalSection(SolutionConfigurationPlatforms) = preSolution
		Debug|Any CPU = Debug|Any CPU
		Release|Any CPU = Release|Any CPU
	EndGlobalSection
	GlobalSection(ProjectConfigurationPlatforms) = postSolution
		{375DF641-588E-4943-A4D7-8DD974FF420E}.Debug|Any CPU.ActiveCfg = Debug|Any CPU
		{375DF641-588E-4943-A4D7-8DD974FF420E}.Debug|Any CPU.Build.0 = Debug|Any CPU
		{375DF641-588E-4943-A4D7-8DD974FF420E}.Release|Any CPU.ActiveCfg = Release|Any CPU
		{375DF641-588E-4943-A4D7-8DD974FF420E}.Release|Any CPU.Build.0 = Release|Any CPU
		{C97810CC-7000-46C3-8C12-497ED1BA7912}.Debug|Any CPU.ActiveCfg = Debug|Any CPU
		{C97810CC-7000-46C3-8C12-497ED1BA7912}.Debug|Any CPU.Build.0 = Debug|Any CPU
		{C97810CC-7000-46C3-8C12-497ED1BA7912}.Release|Any CPU.ActiveCfg = Release|Any CPU
		{C97810CC-7000-46C3-8C12-497ED1BA7912}.Release|Any CPU.Build.0 = Release|Any CPU
		{A1B2C3D4-E5F6-7890-ABCD-EF1234567890}.Debug|Any CPU.ActiveCfg = Debug|Any CPU
		{A1B2C3D4-E5F6-7890-ABCD-EF1234567890}.Debug|Any CPU.Build.0 = Debug|Any CPU
		{A1B2C3D4-E5F6-7890-ABCD-EF1234567890}.Release|Any CPU.ActiveCfg = Release|Any CPU
		{A1B2C3D4-E5F6-7890-ABCD-EF1234567890}.Release|Any CPU.Build.0 = Release|Any CPU
		{B1C2D3E4-F5A6-7890-BCDE-F12345678901}.Debug|Any CPU.ActiveCfg = Debug|Any CPU
		{B1C2D3E4-F5A6-7890-BCDE-F12345678901}.Debug|Any CPU.Build.0 = Debug|Any CPU
		{B1C2D3E4-F5A6-7890-BCDE-F12345678901}.Release|Any CPU.ActiveCfg = Release|Any CPU
		{B1C2D3E4-F5A6-7890-BCDE-F12345678901}.Release|Any CPU.Build.0 = Release|Any CPU
		{E4F5A6B7-C8D9-0123-EFAB-C12345678903}.Debug|Any CPU.ActiveCfg = Debug|Any CPU
		{E4F5A6B7-C8D9-0123-EFAB-C12345678903}.Debug|Any CPU.Build.0 = Debug|Any CPU
		{E4F5A6B7-C8D9-0123-EFAB-C12345678903}.Release|Any CPU.ActiveCfg = Release|Any CPU
		{E4F5A6B7-C8D9-0123-EFAB-C12345678903}.Release|Any CPU.Build.0 = Release|Any CPU
		{F5A6B7C8-D9E0-1234-FABC-D12345678904}.Debug|Any CPU.ActiveCfg = Debug|Any CPU
		{F5A6B7C8-D9E0-1234-FABC-D12345678904}.Debug|Any CPU.Build.0 = Debug|Any CPU
		{F5A6B7C8-D9E0-1234-FABC-D12345678904}.Release|Any CPU.ActiveCfg = Release|Any CPU
		{F5A6B7C8-D9E0-1234-FABC-D12345678904}.Release|Any CPU.Build.0 = Release|Any CPU
		{A6B7C8D9-E0F1-2345-6789-AB1234567890}.Debug|Any CPU.ActiveCfg = Debug|Any CPU
		{A6B7C8D9-E0F1-2345-6789-AB1234567890}.Debug|Any CPU.Build.0 = Debug|Any CPU
		{A6B7C8D9-E0F1-2345-6789-AB1234567890}.Release|Any CPU.ActiveCfg = Release|Any CPU
		{A6B7C8D9-E0F1-2345-6789-AB1234567890}.Release|Any CPU.Build.0 = Release|Any CPU
		{8289A0A5-328B-49E0-84A9-5A3ABED8D99F}.Debug|Any CPU.ActiveCfg = Debug|Any CPU
		{8289A0A5-328B-49E0-84A9-5A3ABED8D99F}.Debug|Any CPU.Build.0 = Debug|Any CPU
		{8289A0A5-328B-49E0-84A9-5A3ABED8D99F}.Release|Any CPU.ActiveCfg = Release|Any CPU
		{8289A0A5-328B-49E0-84A9-5A3ABED8D99F}.Release|Any CPU.Build.0 = Release|Any CPU
		{00404789-8542-4965-AC30-999BB6A313D9}.Debug|Any CPU.ActiveCfg = Debug|Any CPU
		{00404789-8542-4965-AC30-999BB6A313D9}.Debug|Any CPU.Build.0 = Debug|Any CPU
		{00404789-8542-4965-AC30-999BB6A313D9}.Release|Any CPU.ActiveCfg = Release|Any CPU
		{00404789-8542-4965-AC30-999BB6A313D9}.Release|Any CPU.Build.0 = Release|Any CPU
	EndGlobalSection
	GlobalSection(NestedProjects) = preSolution
		{8289A0A5-328B-49E0-84A9-5A3ABED8D99F} = {DAE87EBD-253E-4B81-8330-5223A9D643D2}
		{A6B7C8D9-E0F1-2345-6789-AB1234567890} = {DAE87EBD-253E-4B81-8330-5223A9D643D2}
		{F5A6B7C8-D9E0-1234-FABC-D12345678904} = {DAE87EBD-253E-4B81-8330-5223A9D643D2}
		{C97810CC-7000-46C3-8C12-497ED1BA7912} = {F30EB069-0F85-44DA-90B0-42C481FEC7C1}
		{375DF641-588E-4943-A4D7-8DD974FF420E} = {F30EB069-0F85-44DA-90B0-42C481FEC7C1}
		{A1B2C3D4-E5F6-7890-ABCD-EF1234567890} = {F30EB069-0F85-44DA-90B0-42C481FEC7C1}
		{E4F5A6B7-C8D9-0123-EFAB-C12345678903} = {4AE8F9AC-5A1A-4288-94E4-63E1047E1200}
		{B1C2D3E4-F5A6-7890-BCDE-F12345678901} = {62CD9F5E-CB15-4F3E-9275-DDFCB05AFD76}
		{00404789-8542-4965-AC30-999BB6A313D9} = {22F677D7-67DC-410C-A878-0A0E8474DD4C}
	EndGlobalSection
EndGlobal
